
Microsoft Visual Studio Solution File, Format Version 12.00
# Visual Studio Version 16
VisualStudioVersion = 16.0.29613.14
MinimumVisualStudioVersion = 10.0.40219.1
Project("{9A19103F-16F7-4668-BE54-9A1E7A4F7556}") = "EmployeeManagement", "EmployeeManagement\EmployeeManagement.csproj", "{F1153DDD-32DF-449D-916D-15C9AB146E2E}"
EndProject
Project("{FAE04EC0-301F-11D3-BF4B-00C04F79EFBC}") = "EmployeeManagement.DataAccess", "EmployeeManagement.DataAccess\EmployeeManagement.DataAccess.csproj", "{ECBA183A-DC7B-4E0F-9276-17E17C2974CC}"
EndProject
Global
	GlobalSection(SolutionConfigurationPlatforms) = preSolution
		Debug|Any CPU = Debug|Any CPU
		Release|Any CPU = Release|Any CPU
	EndGlobalSection
	GlobalSection(ProjectConfigurationPlatforms) = postSolution
		{F1153DDD-32DF-449D-916D-15C9AB146E2E}.Debug|Any CPU.ActiveCfg = Debug|Any CPU
		{F1153DDD-32DF-449D-916D-15C9AB146E2E}.Debug|Any CPU.Build.0 = Debug|Any CPU
		{F1153DDD-32DF-449D-916D-15C9AB146E2E}.Release|Any CPU.ActiveCfg = Release|Any CPU
		{F1153DDD-32DF-449D-916D-15C9AB146E2E}.Release|Any CPU.Build.0 = Release|Any CPU
		{ECBA183A-DC7B-4E0F-9276-17E17C2974CC}.Debug|Any CPU.ActiveCfg = Debug|Any CPU
		{ECBA183A-DC7B-4E0F-9276-17E17C2974CC}.Debug|Any CPU.Build.0 = Debug|Any CPU
		{ECBA183A-DC7B-4E0F-9276-17E17C2974CC}.Release|Any CPU.ActiveCfg = Release|Any CPU
		{ECBA183A-DC7B-4E0F-9276-17E17C2974CC}.Release|Any CPU.Build.0 = Release|Any CPU
	EndGlobalSection
	GlobalSection(SolutionProperties) = preSolution
		HideSolutionNode = FALSE
	EndGlobalSection
	GlobalSection(ExtensibilityGlobals) = postSolution
		SolutionGuid = {BEE6653F-53F6-4A44-851A-B29E7CCA7FE9}
	EndGlobalSection
EndGlobal
